
Microsoft Visual Studio Solution File, Format Version 12.00
# Visual Studio Version 16
VisualStudioVersion = 16.0.29411.108
MinimumVisualStudioVersion = 10.0.40219.1
Project("{FAE04EC0-301F-11D3-BF4B-00C04F79EFBC}") = "GameOfLifeUnitTest", "GameOfLifeUnitTest\GameOfLifeUnitTest.csproj", "{F36205C4-588B-4AD1-9607-97D9113A9971}"
EndProject
Project("{FAE04EC0-301F-11D3-BF4B-00C04F79EFBC}") = "GameOfLifeO", "GameOfLifeO\GameOfLifeO.csproj", "{2D281C07-C083-48E0-9AF4-A5F85FD10770}"
EndProject
Global
	GlobalSection(SolutionConfigurationPlatforms) = preSolution
		Debug|Any CPU = Debug|Any CPU
		Release|Any CPU = Release|Any CPU
	EndGlobalSection
	GlobalSection(ProjectConfigurationPlatforms) = postSolution
		{F36205C4-588B-4AD1-9607-97D9113A9971}.Debug|Any CPU.ActiveCfg = Debug|Any CPU
		{F36205C4-588B-4AD1-9607-97D9113A9971}.Debug|Any CPU.Build.0 = Debug|Any CPU
		{F36205C4-588B-4AD1-9607-97D9113A9971}.Release|Any CPU.ActiveCfg = Release|Any CPU
		{F36205C4-588B-4AD1-9607-97D9113A9971}.Release|Any CPU.Build.0 = Release|Any CPU
		{2D281C07-C083-48E0-9AF4-A5F85FD10770}.Debug|Any CPU.ActiveCfg = Debug|Any CPU
		{2D281C07-C083-48E0-9AF4-A5F85FD10770}.Debug|Any CPU.Build.0 = Debug|Any CPU
		{2D281C07-C083-48E0-9AF4-A5F85FD10770}.Release|Any CPU.ActiveCfg = Release|Any CPU
		{2D281C07-C083-48E0-9AF4-A5F85FD10770}.Release|Any CPU.Build.0 = Release|Any CPU
	EndGlobalSection
	GlobalSection(SolutionProperties) = preSolution
		HideSolutionNode = FALSE
	EndGlobalSection
	GlobalSection(ExtensibilityGlobals) = postSolution
		SolutionGuid = {D59393C1-6ABC-42DE-B78C-206A3407B9C3}
	EndGlobalSection
EndGlobal
